
Microsoft Visual Studio Solution File, Format Version 12.00
# Visual Studio Version 17
VisualStudioVersion = 17.3.32901.215
MinimumVisualStudioVersion = 10.0.40219.1
Project("{2150E333-8FDC-42A3-9474-1A3956D46DE8}") = ".nuget", ".nuget", "{74DE59EF-1FD7-49C7-AA7D-072C03150508}"
	ProjectSection(SolutionItems) = preProject
		.nuget\NuGet.exe = .nuget\NuGet.exe
		.nuget\NuGet.targets = .nuget\NuGet.targets
	EndProjectSection
EndProject
Project("{2150E333-8FDC-42A3-9474-1A3956D46DE8}") = "build", "build", "{6CF995B9-16A2-45C2-9EB2-0275F8314824}"
	ProjectSection(SolutionItems) = preProject
		..\build\ApiKey.targets = ..\build\ApiKey.targets
		..\build\ApiKey.targets.sample = ..\build\ApiKey.targets.sample
		..\build\CSharp.Exe.targets = ..\build\CSharp.Exe.targets
		..\build\CSharp.Library.targets = ..\build\CSharp.Library.targets
		..\build\CSharp.Library.UnitTest.targets = ..\build\CSharp.Library.UnitTest.targets
		..\build\CSharp.targets = ..\build\CSharp.targets
		..\build\CSharp.WinExe.targets = ..\build\CSharp.WinExe.targets
		..\build\HoyerWare.CSharp.targets = ..\build\HoyerWare.CSharp.targets
		..\build\NuGetPackage.targets = ..\build\NuGetPackage.targets
		..\build\NuGetPackages.targets = ..\build\NuGetPackages.targets
		..\build\sys.targets = ..\build\sys.targets
	EndProjectSection
EndProject
Project("{2150E333-8FDC-42A3-9474-1A3956D46DE8}") = "this", "this", "{E931DD26-BF3D-4AB9-B8BA-E88B99ED4FD8}"
	ProjectSection(SolutionItems) = preProject
		..\.gitattributes = ..\.gitattributes
		..\.gitignore = ..\.gitignore
		..\Directory.Build.props = ..\Directory.Build.props
		..\LICENSE = ..\LICENSE
		..\README = ..\README
		..\sys.targets = ..\sys.targets
		sys.targets = sys.targets
	EndProjectSection
EndProject
Project("{FAE04EC0-301F-11D3-BF4B-00C04F79EFBC}") = "hw.Helper.Core", "hw.Helper.Core\hw.Helper.Core.csproj", "{46BE7519-5FFB-408E-AFA9-597A957578A2}"
EndProject
Project("{FAE04EC0-301F-11D3-BF4B-00C04F79EFBC}") = "Tester", "Tester\Tester.csproj", "{5457914D-BA98-4FA9-B85C-533041ECC663}"
EndProject
Project("{FAE04EC0-301F-11D3-BF4B-00C04F79EFBC}") = "TestUnitTest", "TestUnitTest\TestUnitTest.csproj", "{2EED9A43-3DDC-44BA-A879-518E62DA653F}"
EndProject
Project("{FAE04EC0-301F-11D3-BF4B-00C04F79EFBC}") = "hw.UnitTest", "hw.UnitTest\hw.UnitTest.csproj", "{E034D67C-2BEF-409D-B3A9-075EF61A2BC4}"
EndProject
Project("{FAE04EC0-301F-11D3-BF4B-00C04F79EFBC}") = "hw.CompilerTools", "hw.CompilerTools\hw.CompilerTools.csproj", "{0A361A41-8902-42EA-97B3-400B49EE493A}"
EndProject
Global
	GlobalSection(SolutionConfigurationPlatforms) = preSolution
		Debug|Any CPU = Debug|Any CPU
		Release|Any CPU = Release|Any CPU
	EndGlobalSection
	GlobalSection(ProjectConfigurationPlatforms) = postSolution
		{46BE7519-5FFB-408E-AFA9-597A957578A2}.Debug|Any CPU.ActiveCfg = Debug|Any CPU
		{46BE7519-5FFB-408E-AFA9-597A957578A2}.Debug|Any CPU.Build.0 = Debug|Any CPU
		{46BE7519-5FFB-408E-AFA9-597A957578A2}.Release|Any CPU.ActiveCfg = Release|Any CPU
		{46BE7519-5FFB-408E-AFA9-597A957578A2}.Release|Any CPU.Build.0 = Release|Any CPU
		{5457914D-BA98-4FA9-B85C-533041ECC663}.Debug|Any CPU.ActiveCfg = Debug|Any CPU
		{5457914D-BA98-4FA9-B85C-533041ECC663}.Debug|Any CPU.Build.0 = Debug|Any CPU
		{5457914D-BA98-4FA9-B85C-533041ECC663}.Release|Any CPU.ActiveCfg = Release|Any CPU
		{5457914D-BA98-4FA9-B85C-533041ECC663}.Release|Any CPU.Build.0 = Release|Any CPU
		{2EED9A43-3DDC-44BA-A879-518E62DA653F}.Debug|Any CPU.ActiveCfg = Debug|Any CPU
		{2EED9A43-3DDC-44BA-A879-518E62DA653F}.Debug|Any CPU.Build.0 = Debug|Any CPU
		{2EED9A43-3DDC-44BA-A879-518E62DA653F}.Release|Any CPU.ActiveCfg = Release|Any CPU
		{2EED9A43-3DDC-44BA-A879-518E62DA653F}.Release|Any CPU.Build.0 = Release|Any CPU
		{E034D67C-2BEF-409D-B3A9-075EF61A2BC4}.Debug|Any CPU.ActiveCfg = Debug|Any CPU
		{E034D67C-2BEF-409D-B3A9-075EF61A2BC4}.Debug|Any CPU.Build.0 = Debug|Any CPU
		{E034D67C-2BEF-409D-B3A9-075EF61A2BC4}.Release|Any CPU.ActiveCfg = Release|Any CPU
		{E034D67C-2BEF-409D-B3A9-075EF61A2BC4}.Release|Any CPU.Build.0 = Release|Any CPU
		{0A361A41-8902-42EA-97B3-400B49EE493A}.Debug|Any CPU.ActiveCfg = Debug|Any CPU
		{0A361A41-8902-42EA-97B3-400B49EE493A}.Debug|Any CPU.Build.0 = Debug|Any CPU
		{0A361A41-8902-42EA-97B3-400B49EE493A}.Release|Any CPU.ActiveCfg = Release|Any CPU
		{0A361A41-8902-42EA-97B3-400B49EE493A}.Release|Any CPU.Build.0 = Release|Any CPU
	EndGlobalSection
	GlobalSection(SolutionProperties) = preSolution
		HideSolutionNode = FALSE
	EndGlobalSection
	GlobalSection(ExtensibilityGlobals) = postSolution
		SolutionGuid = {289E73DE-9C19-4C47-B8C1-70BAF7DF6FC3}
	EndGlobalSection
	GlobalSection(CodealikeProperties) = postSolution
		SolutionGuid = d80ee9bc-a7b5-4c8d-ac3c-c580438327d2
	EndGlobalSection
EndGlobal
