
Microsoft Visual Studio Solution File, Format Version 12.00
# Visual Studio Version 17
VisualStudioVersion = 17.3.32901.215
MinimumVisualStudioVersion = 10.0.40219.1
Project("{2150E333-8FDC-42A3-9474-1A3956D46DE8}") = "build", "build", "{6CF995B9-16A2-45C2-9EB2-0275F8314824}"
	ProjectSection(SolutionItems) = preProject
		..\build\ApiKey.targets = ..\build\ApiKey.targets
		..\build\ApiKey.targets.sample = ..\build\ApiKey.targets.sample
		..\build\CSharp.Exe.targets = ..\build\CSharp.Exe.targets
		..\build\CSharp.Library.targets = ..\build\CSharp.Library.targets
		..\build\CSharp.Library.UnitTest.targets = ..\build\CSharp.Library.UnitTest.targets
		..\build\CSharp.targets = ..\build\CSharp.targets
		..\build\CSharp.WinExe.targets = ..\build\CSharp.WinExe.targets
		..\Directory.Build.props = ..\Directory.Build.props
		..\build\HoyerWare.CSharp.targets = ..\build\HoyerWare.CSharp.targets
		..\build\NuGetDocedSourcecodePackage.nuspec = ..\build\NuGetDocedSourcecodePackage.nuspec
		..\build\NuGetPackage.targets = ..\build\NuGetPackage.targets
		..\build\NugetSourcecodePackage.nuspec = ..\build\NugetSourcecodePackage.nuspec
		..\build\NuGetSourcecodePackage.targets = ..\build\NuGetSourcecodePackage.targets
		..\build\sys.targets = ..\build\sys.targets
	EndProjectSection
EndProject
Project("{2150E333-8FDC-42A3-9474-1A3956D46DE8}") = "this", "this", "{E931DD26-BF3D-4AB9-B8BA-E88B99ED4FD8}"
	ProjectSection(SolutionItems) = preProject
		..\.gitattributes = ..\.gitattributes
		..\.gitignore = ..\.gitignore
		..\Directory.Build.props = ..\Directory.Build.props
		..\LICENSE = ..\LICENSE
		..\README = ..\README
		..\sys.targets = ..\sys.targets
		sys.targets = sys.targets
	EndProjectSection
EndProject
Project("{FAE04EC0-301F-11D3-BF4B-00C04F79EFBC}") = "hw.Helper.Core", "hw.Helper.Core\hw.Helper.Core.csproj", "{46BE7519-5FFB-408E-AFA9-597A957578A2}"
EndProject
Project("{FAE04EC0-301F-11D3-BF4B-00C04F79EFBC}") = "Tester", "Tester\Tester.csproj", "{5457914D-BA98-4FA9-B85C-533041ECC663}"
EndProject
Project("{FAE04EC0-301F-11D3-BF4B-00C04F79EFBC}") = "TestUnitTest", "TestUnitTest\TestUnitTest.csproj", "{2EED9A43-3DDC-44BA-A879-518E62DA653F}"
	ProjectSection(ProjectDependencies) = postProject
		{0A361A41-8902-42EA-97B3-400B49EE493A} = {0A361A41-8902-42EA-97B3-400B49EE493A}
		{46BE7519-5FFB-408E-AFA9-597A957578A2} = {46BE7519-5FFB-408E-AFA9-597A957578A2}
		{E034D67C-2BEF-409D-B3A9-075EF61A2BC4} = {E034D67C-2BEF-409D-B3A9-075EF61A2BC4}
	EndProjectSection
EndProject
Project("{FAE04EC0-301F-11D3-BF4B-00C04F79EFBC}") = "hw.UnitTest", "hw.UnitTest\hw.UnitTest.csproj", "{E034D67C-2BEF-409D-B3A9-075EF61A2BC4}"
	ProjectSection(ProjectDependencies) = postProject
		{46BE7519-5FFB-408E-AFA9-597A957578A2} = {46BE7519-5FFB-408E-AFA9-597A957578A2}
	EndProjectSection
EndProject
Project("{FAE04EC0-301F-11D3-BF4B-00C04F79EFBC}") = "hw.CompilerTools", "hw.CompilerTools\hw.CompilerTools.csproj", "{0A361A41-8902-42EA-97B3-400B49EE493A}"
	ProjectSection(ProjectDependencies) = postProject
		{46BE7519-5FFB-408E-AFA9-597A957578A2} = {46BE7519-5FFB-408E-AFA9-597A957578A2}
	EndProjectSection
EndProject
Project("{FAE04EC0-301F-11D3-BF4B-00C04F79EFBC}") = "hw.log4net", "hw.log4net\hw.log4net.csproj", "{6885CEBF-8CC7-185F-9E74-A13EF8A34EDD}"
EndProject
Project("{FAE04EC0-301F-11D3-BF4B-00C04F79EFBC}") = "hw.Helper.Core.dev", "hw.Helper.Core\hw.Helper.Core.dev.csproj", "{35A64717-C355-7E13-DE41-0D87CBE24DF0}"
EndProject
Project("{2150E333-8FDC-42A3-9474-1A3956D46DE8}") = "nugets", "nugets", "{02EA681E-C7D8-13C7-8484-4AC65E1B71E8}"
EndProject
Project("{2150E333-8FDC-42A3-9474-1A3956D46DE8}") = "development", "development", "{F547AFF9-B903-4570-958E-962B55077788}"
EndProject
Project("{FAE04EC0-301F-11D3-BF4B-00C04F79EFBC}") = "hw.CompilerTools.dev", "hw.CompilerTools\hw.CompilerTools.dev.csproj", "{905EA3FF-9F86-1CD9-AFC0-F577962D3153}"
EndProject
Project("{FAE04EC0-301F-11D3-BF4B-00C04F79EFBC}") = "hw.UnitTest.dev", "hw.UnitTest\hw.UnitTest.dev.csproj", "{B62B9B46-1FE3-E704-E2A1-2708B3B297A4}"
EndProject
Project("{FAE04EC0-301F-11D3-BF4B-00C04F79EFBC}") = "CoreTester", "CoreTester\CoreTester.csproj", "{7CCBFF36-9331-9D33-372C-CAB85E94FA50}"
EndProject
Global
	GlobalSection(SolutionConfigurationPlatforms) = preSolution
		Debug|Any CPU = Debug|Any CPU
		Release|Any CPU = Release|Any CPU
	EndGlobalSection
	GlobalSection(ProjectConfigurationPlatforms) = postSolution
		{46BE7519-5FFB-408E-AFA9-597A957578A2}.Debug|Any CPU.ActiveCfg = Debug|Any CPU
		{46BE7519-5FFB-408E-AFA9-597A957578A2}.Debug|Any CPU.Build.0 = Debug|Any CPU
		{46BE7519-5FFB-408E-AFA9-597A957578A2}.Release|Any CPU.ActiveCfg = Release|Any CPU
		{46BE7519-5FFB-408E-AFA9-597A957578A2}.Release|Any CPU.Build.0 = Release|Any CPU
		{5457914D-BA98-4FA9-B85C-533041ECC663}.Debug|Any CPU.ActiveCfg = Debug|Any CPU
		{5457914D-BA98-4FA9-B85C-533041ECC663}.Debug|Any CPU.Build.0 = Debug|Any CPU
		{5457914D-BA98-4FA9-B85C-533041ECC663}.Release|Any CPU.ActiveCfg = Release|Any CPU
		{5457914D-BA98-4FA9-B85C-533041ECC663}.Release|Any CPU.Build.0 = Release|Any CPU
		{2EED9A43-3DDC-44BA-A879-518E62DA653F}.Debug|Any CPU.ActiveCfg = Debug|Any CPU
		{2EED9A43-3DDC-44BA-A879-518E62DA653F}.Debug|Any CPU.Build.0 = Debug|Any CPU
		{2EED9A43-3DDC-44BA-A879-518E62DA653F}.Release|Any CPU.ActiveCfg = Release|Any CPU
		{2EED9A43-3DDC-44BA-A879-518E62DA653F}.Release|Any CPU.Build.0 = Release|Any CPU
		{E034D67C-2BEF-409D-B3A9-075EF61A2BC4}.Debug|Any CPU.ActiveCfg = Debug|Any CPU
		{E034D67C-2BEF-409D-B3A9-075EF61A2BC4}.Debug|Any CPU.Build.0 = Debug|Any CPU
		{E034D67C-2BEF-409D-B3A9-075EF61A2BC4}.Release|Any CPU.ActiveCfg = Release|Any CPU
		{E034D67C-2BEF-409D-B3A9-075EF61A2BC4}.Release|Any CPU.Build.0 = Release|Any CPU
		{0A361A41-8902-42EA-97B3-400B49EE493A}.Debug|Any CPU.ActiveCfg = Debug|Any CPU
		{0A361A41-8902-42EA-97B3-400B49EE493A}.Debug|Any CPU.Build.0 = Debug|Any CPU
		{0A361A41-8902-42EA-97B3-400B49EE493A}.Release|Any CPU.ActiveCfg = Release|Any CPU
		{0A361A41-8902-42EA-97B3-400B49EE493A}.Release|Any CPU.Build.0 = Release|Any CPU
		{6885CEBF-8CC7-185F-9E74-A13EF8A34EDD}.Debug|Any CPU.ActiveCfg = Debug|Any CPU
		{6885CEBF-8CC7-185F-9E74-A13EF8A34EDD}.Debug|Any CPU.Build.0 = Debug|Any CPU
		{6885CEBF-8CC7-185F-9E74-A13EF8A34EDD}.Release|Any CPU.ActiveCfg = Release|Any CPU
		{6885CEBF-8CC7-185F-9E74-A13EF8A34EDD}.Release|Any CPU.Build.0 = Release|Any CPU
		{35A64717-C355-7E13-DE41-0D87CBE24DF0}.Debug|Any CPU.ActiveCfg = Debug|Any CPU
		{35A64717-C355-7E13-DE41-0D87CBE24DF0}.Debug|Any CPU.Build.0 = Debug|Any CPU
		{35A64717-C355-7E13-DE41-0D87CBE24DF0}.Release|Any CPU.ActiveCfg = Release|Any CPU
		{35A64717-C355-7E13-DE41-0D87CBE24DF0}.Release|Any CPU.Build.0 = Release|Any CPU
		{905EA3FF-9F86-1CD9-AFC0-F577962D3153}.Debug|Any CPU.ActiveCfg = Debug|Any CPU
		{905EA3FF-9F86-1CD9-AFC0-F577962D3153}.Debug|Any CPU.Build.0 = Debug|Any CPU
		{905EA3FF-9F86-1CD9-AFC0-F577962D3153}.Release|Any CPU.ActiveCfg = Release|Any CPU
		{905EA3FF-9F86-1CD9-AFC0-F577962D3153}.Release|Any CPU.Build.0 = Release|Any CPU
		{B62B9B46-1FE3-E704-E2A1-2708B3B297A4}.Debug|Any CPU.ActiveCfg = Debug|Any CPU
		{B62B9B46-1FE3-E704-E2A1-2708B3B297A4}.Debug|Any CPU.Build.0 = Debug|Any CPU
		{B62B9B46-1FE3-E704-E2A1-2708B3B297A4}.Release|Any CPU.ActiveCfg = Release|Any CPU
		{B62B9B46-1FE3-E704-E2A1-2708B3B297A4}.Release|Any CPU.Build.0 = Release|Any CPU
		{7CCBFF36-9331-9D33-372C-CAB85E94FA50}.Debug|Any CPU.ActiveCfg = Debug|Any CPU
		{7CCBFF36-9331-9D33-372C-CAB85E94FA50}.Debug|Any CPU.Build.0 = Debug|Any CPU
		{7CCBFF36-9331-9D33-372C-CAB85E94FA50}.Release|Any CPU.ActiveCfg = Release|Any CPU
		{7CCBFF36-9331-9D33-372C-CAB85E94FA50}.Release|Any CPU.Build.0 = Release|Any CPU
	EndGlobalSection
	GlobalSection(SolutionProperties) = preSolution
		HideSolutionNode = FALSE
	EndGlobalSection
	GlobalSection(NestedProjects) = preSolution
		{46BE7519-5FFB-408E-AFA9-597A957578A2} = {02EA681E-C7D8-13C7-8484-4AC65E1B71E8}
		{E034D67C-2BEF-409D-B3A9-075EF61A2BC4} = {02EA681E-C7D8-13C7-8484-4AC65E1B71E8}
		{0A361A41-8902-42EA-97B3-400B49EE493A} = {02EA681E-C7D8-13C7-8484-4AC65E1B71E8}
		{6885CEBF-8CC7-185F-9E74-A13EF8A34EDD} = {02EA681E-C7D8-13C7-8484-4AC65E1B71E8}
		{35A64717-C355-7E13-DE41-0D87CBE24DF0} = {F547AFF9-B903-4570-958E-962B55077788}
		{905EA3FF-9F86-1CD9-AFC0-F577962D3153} = {F547AFF9-B903-4570-958E-962B55077788}
		{B62B9B46-1FE3-E704-E2A1-2708B3B297A4} = {F547AFF9-B903-4570-958E-962B55077788}
	EndGlobalSection
	GlobalSection(ExtensibilityGlobals) = postSolution
		SolutionGuid = {289E73DE-9C19-4C47-B8C1-70BAF7DF6FC3}
	EndGlobalSection
	GlobalSection(CodealikeProperties) = postSolution
		SolutionGuid = d80ee9bc-a7b5-4c8d-ac3c-c580438327d2
	EndGlobalSection
EndGlobal
