
Microsoft Visual Studio Solution File, Format Version 12.00
# Visual Studio 2012
Project("{2150E333-8FDC-42A3-9474-1A3956D46DE8}") = ".nuget", ".nuget", "{74DE59EF-1FD7-49C7-AA7D-072C03150508}"
	ProjectSection(SolutionItems) = preProject
		.nuget\NuGet.Config = .nuget\NuGet.Config
		.nuget\NuGet.exe = .nuget\NuGet.exe
		.nuget\NuGet.targets = .nuget\NuGet.targets
	EndProjectSection
EndProject
Project("{2150E333-8FDC-42A3-9474-1A3956D46DE8}") = "build", "build", "{6CF995B9-16A2-45C2-9EB2-0275F8314824}"
	ProjectSection(SolutionItems) = preProject
		..\build\CSharp.Exe.targets = ..\build\CSharp.Exe.targets
		..\build\CSharp.Library.targets = ..\build\CSharp.Library.targets
		..\build\CSharp.Library.UnitTest.targets = ..\build\CSharp.Library.UnitTest.targets
		..\build\CSharp.targets = ..\build\CSharp.targets
		..\build\CSharp.WinExe.targets = ..\build\CSharp.WinExe.targets
		..\build\HoyerWare.CSharp.targets = ..\build\HoyerWare.CSharp.targets
		..\build\NuGetPackage.targets = ..\build\NuGetPackage.targets
		..\build\NuGetPackages.targets = ..\build\NuGetPackages.targets
		..\build\sys.targets = ..\build\sys.targets
	EndProjectSection
EndProject
Project("{FAE04EC0-301F-11D3-BF4B-00C04F79EFBC}") = "hw.nuget", "hw.nuget\hw.nuget.csproj", "{0402FAE1-D5D6-490F-BC68-C26C8873C0B2}"
EndProject
Project("{2150E333-8FDC-42A3-9474-1A3956D46DE8}") = "this", "this", "{E931DD26-BF3D-4AB9-B8BA-E88B99ED4FD8}"
	ProjectSection(SolutionItems) = preProject
		..\.gitattributes = ..\.gitattributes
		..\.gitignore = ..\.gitignore
		..\LICENSE = ..\LICENSE
		..\README = ..\README
		..\sys.targets = ..\sys.targets
		sys.targets = sys.targets
	EndProjectSection
EndProject
Project("{FAE04EC0-301F-11D3-BF4B-00C04F79EFBC}") = "hw.T4", "hw.T4\hw.T4.csproj", "{82BE46EE-086C-468D-8D01-B8955A5FE533}"
EndProject
Project("{FAE04EC0-301F-11D3-BF4B-00C04F79EFBC}") = "Tester", "Tester\Tester.csproj", "{CDCA1B0F-2DA9-4100-9350-8DA78E0CFC4D}"
	ProjectSection(ProjectDependencies) = postProject
		{0402FAE1-D5D6-490F-BC68-C26C8873C0B2} = {0402FAE1-D5D6-490F-BC68-C26C8873C0B2}
		{82BE46EE-086C-468D-8D01-B8955A5FE533} = {82BE46EE-086C-468D-8D01-B8955A5FE533}
	EndProjectSection
EndProject
Global
	GlobalSection(CodealikeProperties) = postSolution
		SolutionGuid = d80ee9bc-a7b5-4c8d-ac3c-c580438327d2
	EndGlobalSection
	GlobalSection(SolutionConfigurationPlatforms) = preSolution
		Debug|Any CPU = Debug|Any CPU
		Release|Any CPU = Release|Any CPU
	EndGlobalSection
	GlobalSection(ProjectConfigurationPlatforms) = postSolution
		{0402FAE1-D5D6-490F-BC68-C26C8873C0B2}.Debug|Any CPU.ActiveCfg = Debug|Any CPU
		{0402FAE1-D5D6-490F-BC68-C26C8873C0B2}.Debug|Any CPU.Build.0 = Debug|Any CPU
		{0402FAE1-D5D6-490F-BC68-C26C8873C0B2}.Release|Any CPU.ActiveCfg = Release|Any CPU
		{0402FAE1-D5D6-490F-BC68-C26C8873C0B2}.Release|Any CPU.Build.0 = Release|Any CPU
		{82BE46EE-086C-468D-8D01-B8955A5FE533}.Debug|Any CPU.ActiveCfg = Debug|Any CPU
		{82BE46EE-086C-468D-8D01-B8955A5FE533}.Debug|Any CPU.Build.0 = Debug|Any CPU
		{82BE46EE-086C-468D-8D01-B8955A5FE533}.Release|Any CPU.ActiveCfg = Release|Any CPU
		{82BE46EE-086C-468D-8D01-B8955A5FE533}.Release|Any CPU.Build.0 = Release|Any CPU
		{CDCA1B0F-2DA9-4100-9350-8DA78E0CFC4D}.Debug|Any CPU.ActiveCfg = Debug|Any CPU
		{CDCA1B0F-2DA9-4100-9350-8DA78E0CFC4D}.Debug|Any CPU.Build.0 = Debug|Any CPU
		{CDCA1B0F-2DA9-4100-9350-8DA78E0CFC4D}.Release|Any CPU.ActiveCfg = Release|Any CPU
		{CDCA1B0F-2DA9-4100-9350-8DA78E0CFC4D}.Release|Any CPU.Build.0 = Release|Any CPU
	EndGlobalSection
	GlobalSection(SolutionProperties) = preSolution
		HideSolutionNode = FALSE
	EndGlobalSection
EndGlobal
